// !$*UTF8*$!
{
	archiveVersion = 1;
	classes = {
	};
	objectVersion = 50;
	objects = {

/* Begin PBXBuildFile section */
		4054D28C23D028D800DB77F5 /* AppDelegate.swift in Sources */ = {isa = PBXBuildFile; fileRef = 4054D28B23D028D800DB77F5 /* AppDelegate.swift */; };
		4054D28E23D028D800DB77F5 /* SceneDelegate.swift in Sources */ = {isa = PBXBuildFile; fileRef = 4054D28D23D028D800DB77F5 /* SceneDelegate.swift */; };
		4054D29023D028D800DB77F5 /* ContentView.swift in Sources */ = {isa = PBXBuildFile; fileRef = 4054D28F23D028D800DB77F5 /* ContentView.swift */; };
		4054D29223D028DC00DB77F5 /* Assets.xcassets in Resources */ = {isa = PBXBuildFile; fileRef = 4054D29123D028DC00DB77F5 /* Assets.xcassets */; };
		4054D29523D028DC00DB77F5 /* Preview Assets.xcassets in Resources */ = {isa = PBXBuildFile; fileRef = 4054D29423D028DC00DB77F5 /* Preview Assets.xcassets */; };
		4054D29823D028DC00DB77F5 /* LaunchScreen.storyboard in Resources */ = {isa = PBXBuildFile; fileRef = 4054D29623D028DC00DB77F5 /* LaunchScreen.storyboard */; };
		4054D2A023D035C200DB77F5 /* astronauts.json in Resources */ = {isa = PBXBuildFile; fileRef = 4054D29F23D035C200DB77F5 /* astronauts.json */; };
		4054D2A223D035DF00DB77F5 /* missions.json in Resources */ = {isa = PBXBuildFile; fileRef = 4054D2A123D035DF00DB77F5 /* missions.json */; };
		4054D2A423D0B36B00DB77F5 /* Astronaut.swift in Sources */ = {isa = PBXBuildFile; fileRef = 4054D2A323D0B36B00DB77F5 /* Astronaut.swift */; };
		4054D2A623D0B3FD00DB77F5 /* Bundle-decodable.swift in Sources */ = {isa = PBXBuildFile; fileRef = 4054D2A523D0B3FD00DB77F5 /* Bundle-decodable.swift */; };
		4054D2A823D0B60A00DB77F5 /* Mission.swift in Sources */ = {isa = PBXBuildFile; fileRef = 4054D2A723D0B60A00DB77F5 /* Mission.swift */; };
		4054D2AD23D144F400DB77F5 /* MissionView.swift in Sources */ = {isa = PBXBuildFile; fileRef = 4054D2AC23D144F400DB77F5 /* MissionView.swift */; };
		4054D2AF23D17ABF00DB77F5 /* AstronautView.swift in Sources */ = {isa = PBXBuildFile; fileRef = 4054D2AE23D17ABF00DB77F5 /* AstronautView.swift */; };
		4054D2B123D1976B00DB77F5 /* Extensions.swift in Sources */ = {isa = PBXBuildFile; fileRef = 4054D2B023D1976B00DB77F5 /* Extensions.swift */; };
/* End PBXBuildFile section */

/* Begin PBXFileReference section */
		4054D28823D028D800DB77F5 /* MoonShot.app */ = {isa = PBXFileReference; explicitFileType = wrapper.application; includeInIndex = 0; path = MoonShot.app; sourceTree = BUILT_PRODUCTS_DIR; };
		4054D28B23D028D800DB77F5 /* AppDelegate.swift */ = {isa = PBXFileReference; lastKnownFileType = sourcecode.swift; path = AppDelegate.swift; sourceTree = "<group>"; };
		4054D28D23D028D800DB77F5 /* SceneDelegate.swift */ = {isa = PBXFileReference; lastKnownFileType = sourcecode.swift; path = SceneDelegate.swift; sourceTree = "<group>"; };
		4054D28F23D028D800DB77F5 /* ContentView.swift */ = {isa = PBXFileReference; lastKnownFileType = sourcecode.swift; path = ContentView.swift; sourceTree = "<group>"; };
		4054D29123D028DC00DB77F5 /* Assets.xcassets */ = {isa = PBXFileReference; lastKnownFileType = folder.assetcatalog; path = Assets.xcassets; sourceTree = "<group>"; };
		4054D29423D028DC00DB77F5 /* Preview Assets.xcassets */ = {isa = PBXFileReference; lastKnownFileType = folder.assetcatalog; path = "Preview Assets.xcassets"; sourceTree = "<group>"; };
		4054D29723D028DC00DB77F5 /* Base */ = {isa = PBXFileReference; lastKnownFileType = file.storyboard; name = Base; path = Base.lproj/LaunchScreen.storyboard; sourceTree = "<group>"; };
		4054D29923D028DC00DB77F5 /* Info.plist */ = {isa = PBXFileReference; lastKnownFileType = text.plist.xml; path = Info.plist; sourceTree = "<group>"; };
		4054D29F23D035C200DB77F5 /* astronauts.json */ = {isa = PBXFileReference; lastKnownFileType = text.json; path = astronauts.json; sourceTree = "<group>"; };
		4054D2A123D035DF00DB77F5 /* missions.json */ = {isa = PBXFileReference; lastKnownFileType = text.json; path = missions.json; sourceTree = "<group>"; };
		4054D2A323D0B36B00DB77F5 /* Astronaut.swift */ = {isa = PBXFileReference; lastKnownFileType = sourcecode.swift; path = Astronaut.swift; sourceTree = "<group>"; };
		4054D2A523D0B3FD00DB77F5 /* Bundle-decodable.swift */ = {isa = PBXFileReference; lastKnownFileType = sourcecode.swift; path = "Bundle-decodable.swift"; sourceTree = "<group>"; };
		4054D2A723D0B60A00DB77F5 /* Mission.swift */ = {isa = PBXFileReference; lastKnownFileType = sourcecode.swift; path = Mission.swift; sourceTree = "<group>"; };
		4054D2AC23D144F400DB77F5 /* MissionView.swift */ = {isa = PBXFileReference; lastKnownFileType = sourcecode.swift; path = MissionView.swift; sourceTree = "<group>"; };
		4054D2AE23D17ABF00DB77F5 /* AstronautView.swift */ = {isa = PBXFileReference; lastKnownFileType = sourcecode.swift; path = AstronautView.swift; sourceTree = "<group>"; };
		4054D2B023D1976B00DB77F5 /* Extensions.swift */ = {isa = PBXFileReference; lastKnownFileType = sourcecode.swift; path = Extensions.swift; sourceTree = "<group>"; };
/* End PBXFileReference section */

/* Begin PBXFrameworksBuildPhase section */
		4054D28523D028D800DB77F5 /* Frameworks */ = {
			isa = PBXFrameworksBuildPhase;
			buildActionMask = 2147483647;
			files = (
			);
			runOnlyForDeploymentPostprocessing = 0;
		};
/* End PBXFrameworksBuildPhase section */

/* Begin PBXGroup section */
		4054D27F23D028D700DB77F5 = {
			isa = PBXGroup;
			children = (
				4054D28A23D028D800DB77F5 /* MoonShot */,
				4054D28923D028D800DB77F5 /* Products */,
			);
			sourceTree = "<group>";
		};
		4054D28923D028D800DB77F5 /* Products */ = {
			isa = PBXGroup;
			children = (
				4054D28823D028D800DB77F5 /* MoonShot.app */,
			);
			name = Products;
			sourceTree = "<group>";
		};
		4054D28A23D028D800DB77F5 /* MoonShot */ = {
			isa = PBXGroup;
			children = (
				4054D28B23D028D800DB77F5 /* AppDelegate.swift */,
				4054D2AB23D144E100DB77F5 /* View */,
				4054D29123D028DC00DB77F5 /* Assets.xcassets */,
				4054D29623D028DC00DB77F5 /* LaunchScreen.storyboard */,
				4054D29923D028DC00DB77F5 /* Info.plist */,
				4054D29323D028DC00DB77F5 /* Preview Content */,
				4054D2AA23D144D000DB77F5 /* JSON Files */,
				4054D2A923D144C600DB77F5 /* Model */,
				4054D2A523D0B3FD00DB77F5 /* Bundle-decodable.swift */,
				4054D2B023D1976B00DB77F5 /* Extensions.swift */,
			);
			path = MoonShot;
			sourceTree = "<group>";
		};
		4054D29323D028DC00DB77F5 /* Preview Content */ = {
			isa = PBXGroup;
			children = (
				4054D29423D028DC00DB77F5 /* Preview Assets.xcassets */,
			);
			path = "Preview Content";
			sourceTree = "<group>";
		};
		4054D2A923D144C600DB77F5 /* Model */ = {
			isa = PBXGroup;
			children = (
				4054D2A323D0B36B00DB77F5 /* Astronaut.swift */,
				4054D2A723D0B60A00DB77F5 /* Mission.swift */,
			);
			path = Model;
			sourceTree = "<group>";
		};
		4054D2AA23D144D000DB77F5 /* JSON Files */ = {
			isa = PBXGroup;
			children = (
				4054D29F23D035C200DB77F5 /* astronauts.json */,
				4054D2A123D035DF00DB77F5 /* missions.json */,
			);
			path = "JSON Files";
			sourceTree = "<group>";
		};
		4054D2AB23D144E100DB77F5 /* View */ = {
			isa = PBXGroup;
			children = (
				4054D28D23D028D800DB77F5 /* SceneDelegate.swift */,
				4054D28F23D028D800DB77F5 /* ContentView.swift */,
				4054D2AC23D144F400DB77F5 /* MissionView.swift */,
				4054D2AE23D17ABF00DB77F5 /* AstronautView.swift */,
			);
			path = View;
			sourceTree = "<group>";
		};
/* End PBXGroup section */

/* Begin PBXNativeTarget section */
		4054D28723D028D800DB77F5 /* MoonShot */ = {
			isa = PBXNativeTarget;
			buildConfigurationList = 4054D29C23D028DC00DB77F5 /* Build configuration list for PBXNativeTarget "MoonShot" */;
			buildPhases = (
				4054D28423D028D800DB77F5 /* Sources */,
				4054D28523D028D800DB77F5 /* Frameworks */,
				4054D28623D028D800DB77F5 /* Resources */,
			);
			buildRules = (
			);
			dependencies = (
			);
			name = MoonShot;
			productName = MoonShot;
			productReference = 4054D28823D028D800DB77F5 /* MoonShot.app */;
			productType = "com.apple.product-type.application";
		};
/* End PBXNativeTarget section */

/* Begin PBXProject section */
		4054D28023D028D700DB77F5 /* Project object */ = {
			isa = PBXProject;
			attributes = {
				LastSwiftUpdateCheck = 1130;
				LastUpgradeCheck = 1130;
				ORGANIZATIONNAME = "Sarvad shetty";
				TargetAttributes = {
					4054D28723D028D800DB77F5 = {
						CreatedOnToolsVersion = 11.3;
					};
				};
			};
			buildConfigurationList = 4054D28323D028D700DB77F5 /* Build configuration list for PBXProject "MoonShot" */;
			compatibilityVersion = "Xcode 9.3";
			developmentRegion = en;
			hasScannedForEncodings = 0;
			knownRegions = (
				en,
				Base,
			);
			mainGroup = 4054D27F23D028D700DB77F5;
			productRefGroup = 4054D28923D028D800DB77F5 /* Products */;
			projectDirPath = "";
			projectRoot = "";
			targets = (
				4054D28723D028D800DB77F5 /* MoonShot */,
			);
		};
/* End PBXProject section */

/* Begin PBXResourcesBuildPhase section */
		4054D28623D028D800DB77F5 /* Resources */ = {
			isa = PBXResourcesBuildPhase;
			buildActionMask = 2147483647;
			files = (
				4054D29823D028DC00DB77F5 /* LaunchScreen.storyboard in Resources */,
				4054D2A223D035DF00DB77F5 /* missions.json in Resources */,
				4054D29523D028DC00DB77F5 /* Preview Assets.xcassets in Resources */,
				4054D29223D028DC00DB77F5 /* Assets.xcassets in Resources */,
				4054D2A023D035C200DB77F5 /* astronauts.json in Resources */,
			);
			runOnlyForDeploymentPostprocessing = 0;
		};
/* End PBXResourcesBuildPhase section */

/* Begin PBXSourcesBuildPhase section */
		4054D28423D028D800DB77F5 /* Sources */ = {
			isa = PBXSourcesBuildPhase;
			buildActionMask = 2147483647;
			files = (
				4054D2AD23D144F400DB77F5 /* MissionView.swift in Sources */,
				4054D2B123D1976B00DB77F5 /* Extensions.swift in Sources */,
				4054D2A823D0B60A00DB77F5 /* Mission.swift in Sources */,
				4054D2AF23D17ABF00DB77F5 /* AstronautView.swift in Sources */,
				4054D28C23D028D800DB77F5 /* AppDelegate.swift in Sources */,
				4054D28E23D028D800DB77F5 /* SceneDelegate.swift in Sources */,
				4054D29023D028D800DB77F5 /* ContentView.swift in Sources */,
				4054D2A423D0B36B00DB77F5 /* Astronaut.swift in Sources */,
				4054D2A623D0B3FD00DB77F5 /* Bundle-decodable.swift in Sources */,
			);
			runOnlyForDeploymentPostprocessing = 0;
		};
/* End PBXSourcesBuildPhase section */

/* Begin PBXVariantGroup section */
		4054D29623D028DC00DB77F5 /* LaunchScreen.storyboard */ = {
			isa = PBXVariantGroup;
			children = (
				4054D29723D028DC00DB77F5 /* Base */,
			);
			name = LaunchScreen.storyboard;
			sourceTree = "<group>";
		};
/* End PBXVariantGroup section */

/* Begin XCBuildConfiguration section */
		4054D29A23D028DC00DB77F5 /* Debug */ = {
			isa = XCBuildConfiguration;
			buildSettings = {
				ALWAYS_SEARCH_USER_PATHS = NO;
				CLANG_ANALYZER_NONNULL = YES;
				CLANG_ANALYZER_NUMBER_OBJECT_CONVERSION = YES_AGGRESSIVE;
				CLANG_CXX_LANGUAGE_STANDARD = "gnu++14";
				CLANG_CXX_LIBRARY = "libc++";
				CLANG_ENABLE_MODULES = YES;
				CLANG_ENABLE_OBJC_ARC = YES;
				CLANG_ENABLE_OBJC_WEAK = YES;
				CLANG_WARN_BLOCK_CAPTURE_AUTORELEASING = YES;
				CLANG_WARN_BOOL_CONVERSION = YES;
				CLANG_WARN_COMMA = YES;
				CLANG_WARN_CONSTANT_CONVERSION = YES;
				CLANG_WARN_DEPRECATED_OBJC_IMPLEMENTATIONS = YES;
				CLANG_WARN_DIRECT_OBJC_ISA_USAGE = YES_ERROR;
				CLANG_WARN_DOCUMENTATION_COMMENTS = YES;
				CLANG_WARN_EMPTY_BODY = YES;
				CLANG_WARN_ENUM_CONVERSION = YES;
				CLANG_WARN_INFINITE_RECURSION = YES;
				CLANG_WARN_INT_CONVERSION = YES;
				CLANG_WARN_NON_LITERAL_NULL_CONVERSION = YES;
				CLANG_WARN_OBJC_IMPLICIT_RETAIN_SELF = YES;
				CLANG_WARN_OBJC_LITERAL_CONVERSION = YES;
				CLANG_WARN_OBJC_ROOT_CLASS = YES_ERROR;
				CLANG_WARN_RANGE_LOOP_ANALYSIS = YES;
				CLANG_WARN_STRICT_PROTOTYPES = YES;
				CLANG_WARN_SUSPICIOUS_MOVE = YES;
				CLANG_WARN_UNGUARDED_AVAILABILITY = YES_AGGRESSIVE;
				CLANG_WARN_UNREACHABLE_CODE = YES;
				CLANG_WARN__DUPLICATE_METHOD_MATCH = YES;
				COPY_PHASE_STRIP = NO;
				DEBUG_INFORMATION_FORMAT = dwarf;
				ENABLE_STRICT_OBJC_MSGSEND = YES;
				ENABLE_TESTABILITY = YES;
				GCC_C_LANGUAGE_STANDARD = gnu11;
				GCC_DYNAMIC_NO_PIC = NO;
				GCC_NO_COMMON_BLOCKS = YES;
				GCC_OPTIMIZATION_LEVEL = 0;
				GCC_PREPROCESSOR_DEFINITIONS = (
					"DEBUG=1",
					"$(inherited)",
				);
				GCC_WARN_64_TO_32_BIT_CONVERSION = YES;
				GCC_WARN_ABOUT_RETURN_TYPE = YES_ERROR;
				GCC_WARN_UNDECLARED_SELECTOR = YES;
				GCC_WARN_UNINITIALIZED_AUTOS = YES_AGGRESSIVE;
				GCC_WARN_UNUSED_FUNCTION = YES;
				GCC_WARN_UNUSED_VARIABLE = YES;
				IPHONEOS_DEPLOYMENT_TARGET = 13.2;
				MTL_ENABLE_DEBUG_INFO = INCLUDE_SOURCE;
				MTL_FAST_MATH = YES;
				ONLY_ACTIVE_ARCH = YES;
				SDKROOT = iphoneos;
				SWIFT_ACTIVE_COMPILATION_CONDITIONS = DEBUG;
				SWIFT_OPTIMIZATION_LEVEL = "-Onone";
			};
			name = Debug;
		};
		4054D29B23D028DC00DB77F5 /* Release */ = {
			isa = XCBuildConfiguration;
			buildSettings = {
				ALWAYS_SEARCH_USER_PATHS = NO;
				CLANG_ANALYZER_NONNULL = YES;
				CLANG_ANALYZER_NUMBER_OBJECT_CONVERSION = YES_AGGRESSIVE;
				CLANG_CXX_LANGUAGE_STANDARD = "gnu++14";
				CLANG_CXX_LIBRARY = "libc++";
				CLANG_ENABLE_MODULES = YES;
				CLANG_ENABLE_OBJC_ARC = YES;
				CLANG_ENABLE_OBJC_WEAK = YES;
				CLANG_WARN_BLOCK_CAPTURE_AUTORELEASING = YES;
				CLANG_WARN_BOOL_CONVERSION = YES;
				CLANG_WARN_COMMA = YES;
				CLANG_WARN_CONSTANT_CONVERSION = YES;
				CLANG_WARN_DEPRECATED_OBJC_IMPLEMENTATIONS = YES;
				CLANG_WARN_DIRECT_OBJC_ISA_USAGE = YES_ERROR;
				CLANG_WARN_DOCUMENTATION_COMMENTS = YES;
				CLANG_WARN_EMPTY_BODY = YES;
				CLANG_WARN_ENUM_CONVERSION = YES;
				CLANG_WARN_INFINITE_RECURSION = YES;
				CLANG_WARN_INT_CONVERSION = YES;
				CLANG_WARN_NON_LITERAL_NULL_CONVERSION = YES;
				CLANG_WARN_OBJC_IMPLICIT_RETAIN_SELF = YES;
				CLANG_WARN_OBJC_LITERAL_CONVERSION = YES;
				CLANG_WARN_OBJC_ROOT_CLASS = YES_ERROR;
				CLANG_WARN_RANGE_LOOP_ANALYSIS = YES;
				CLANG_WARN_STRICT_PROTOTYPES = YES;
				CLANG_WARN_SUSPICIOUS_MOVE = YES;
				CLANG_WARN_UNGUARDED_AVAILABILITY = YES_AGGRESSIVE;
				CLANG_WARN_UNREACHABLE_CODE = YES;
				CLANG_WARN__DUPLICATE_METHOD_MATCH = YES;
				COPY_PHASE_STRIP = NO;
				DEBUG_INFORMATION_FORMAT = "dwarf-with-dsym";
				ENABLE_NS_ASSERTIONS = NO;
				ENABLE_STRICT_OBJC_MSGSEND = YES;
				GCC_C_LANGUAGE_STANDARD = gnu11;
				GCC_NO_COMMON_BLOCKS = YES;
				GCC_WARN_64_TO_32_BIT_CONVERSION = YES;
				GCC_WARN_ABOUT_RETURN_TYPE = YES_ERROR;
				GCC_WARN_UNDECLARED_SELECTOR = YES;
				GCC_WARN_UNINITIALIZED_AUTOS = YES_AGGRESSIVE;
				GCC_WARN_UNUSED_FUNCTION = YES;
				GCC_WARN_UNUSED_VARIABLE = YES;
				IPHONEOS_DEPLOYMENT_TARGET = 13.2;
				MTL_ENABLE_DEBUG_INFO = NO;
				MTL_FAST_MATH = YES;
				SDKROOT = iphoneos;
				SWIFT_COMPILATION_MODE = wholemodule;
				SWIFT_OPTIMIZATION_LEVEL = "-O";
				VALIDATE_PRODUCT = YES;
			};
			name = Release;
		};
		4054D29D23D028DC00DB77F5 /* Debug */ = {
			isa = XCBuildConfiguration;
			buildSettings = {
				ASSETCATALOG_COMPILER_APPICON_NAME = AppIcon;
				CODE_SIGN_STYLE = Automatic;
				DEVELOPMENT_ASSET_PATHS = "\"MoonShot/Preview Content\"";
				DEVELOPMENT_TEAM = N4FDL334LZ;
				ENABLE_PREVIEWS = YES;
				INFOPLIST_FILE = MoonShot/Info.plist;
				LD_RUNPATH_SEARCH_PATHS = (
					"$(inherited)",
					"@executable_path/Frameworks",
				);
				PRODUCT_BUNDLE_IDENTIFIER = com.ss.MoonShot;
				PRODUCT_NAME = "$(TARGET_NAME)";
				SWIFT_VERSION = 5.0;
				TARGETED_DEVICE_FAMILY = "1,2";
			};
			name = Debug;
		};
		4054D29E23D028DC00DB77F5 /* Release */ = {
			isa = XCBuildConfiguration;
			buildSettings = {
				ASSETCATALOG_COMPILER_APPICON_NAME = AppIcon;
				CODE_SIGN_STYLE = Automatic;
				DEVELOPMENT_ASSET_PATHS = "\"MoonShot/Preview Content\"";
				DEVELOPMENT_TEAM = N4FDL334LZ;
				ENABLE_PREVIEWS = YES;
				INFOPLIST_FILE = MoonShot/Info.plist;
				LD_RUNPATH_SEARCH_PATHS = (
					"$(inherited)",
					"@executable_path/Frameworks",
				);
				PRODUCT_BUNDLE_IDENTIFIER = com.ss.MoonShot;
				PRODUCT_NAME = "$(TARGET_NAME)";
				SWIFT_VERSION = 5.0;
				TARGETED_DEVICE_FAMILY = "1,2";
			};
			name = Release;
		};
/* End XCBuildConfiguration section */

/* Begin XCConfigurationList section */
		4054D28323D028D700DB77F5 /* Build configuration list for PBXProject "MoonShot" */ = {
			isa = XCConfigurationList;
			buildConfigurations = (
				4054D29A23D028DC00DB77F5 /* Debug */,
				4054D29B23D028DC00DB77F5 /* Release */,
			);
			defaultConfigurationIsVisible = 0;
			defaultConfigurationName = Release;
		};
		4054D29C23D028DC00DB77F5 /* Build configuration list for PBXNativeTarget "MoonShot" */ = {
			isa = XCConfigurationList;
			buildConfigurations = (
				4054D29D23D028DC00DB77F5 /* Debug */,
				4054D29E23D028DC00DB77F5 /* Release */,
			);
			defaultConfigurationIsVisible = 0;
			defaultConfigurationName = Release;
		};
/* End XCConfigurationList section */
	};
	rootObject = 4054D28023D028D700DB77F5 /* Project object */;
}
